// !$*UTF8*$!
{
	archiveVersion = 1;
	classes = {
	};
	objectVersion = 46;
	objects = {

/* Begin PBXBuildFile section */
		DEC6FAF21EF4CC8E00BB1340 /* AppDelegate.swift in Sources */ = {isa = PBXBuildFile; fileRef = DEC6FAF11EF4CC8E00BB1340 /* AppDelegate.swift */; };
		DEC6FAF71EF4CC8E00BB1340 /* Main.storyboard in Resources */ = {isa = PBXBuildFile; fileRef = DEC6FAF51EF4CC8E00BB1340 /* Main.storyboard */; };
		DEC6FAF91EF4CC8E00BB1340 /* Assets.xcassets in Resources */ = {isa = PBXBuildFile; fileRef = DEC6FAF81EF4CC8E00BB1340 /* Assets.xcassets */; };
		DEC6FAFC1EF4CC8E00BB1340 /* LaunchScreen.storyboard in Resources */ = {isa = PBXBuildFile; fileRef = DEC6FAFA1EF4CC8E00BB1340 /* LaunchScreen.storyboard */; };
		DEC6FB041EF4CC9F00BB1340 /* Transaction.swift in Sources */ = {isa = PBXBuildFile; fileRef = DEC6FB031EF4CC9F00BB1340 /* Transaction.swift */; };
		DEC6FB061EF4CD8C00BB1340 /* Account.swift in Sources */ = {isa = PBXBuildFile; fileRef = DEC6FB051EF4CD8C00BB1340 /* Account.swift */; };
		DEC6FB0A1EF4D35300BB1340 /* StorageController.swift in Sources */ = {isa = PBXBuildFile; fileRef = DEC6FB091EF4D35300BB1340 /* StorageController.swift */; };
		DEC6FB0C1EF4DB4F00BB1340 /* StateController.swift in Sources */ = {isa = PBXBuildFile; fileRef = DEC6FB0B1EF4DB4F00BB1340 /* StateController.swift */; };
		DEC6FB0F1EF4ED7E00BB1340 /* AccountsViewController.swift in Sources */ = {isa = PBXBuildFile; fileRef = DEC6FB0E1EF4ED7E00BB1340 /* AccountsViewController.swift */; };
		DEC6FB111EF4ED9600BB1340 /* CreateAccountViewController.swift in Sources */ = {isa = PBXBuildFile; fileRef = DEC6FB101EF4ED9600BB1340 /* CreateAccountViewController.swift */; };
		DEC6FB131EF4EDA300BB1340 /* TransactionsViewController.swift in Sources */ = {isa = PBXBuildFile; fileRef = DEC6FB121EF4EDA300BB1340 /* TransactionsViewController.swift */; };
		DEC6FB151EF4EDB000BB1340 /* CreateTransactionViewController.swift in Sources */ = {isa = PBXBuildFile; fileRef = DEC6FB141EF4EDB000BB1340 /* CreateTransactionViewController.swift */; };
		E4702DC51EF760AE00309A28 /* Utilities.swift in Sources */ = {isa = PBXBuildFile; fileRef = E4702DC41EF760AE00309A28 /* Utilities.swift */; };
		E4702DC71EF7670F00309A28 /* NewTransactionView.swift in Sources */ = {isa = PBXBuildFile; fileRef = E4702DC61EF7670F00309A28 /* NewTransactionView.swift */; };
		E4702DC91EF76BF800309A28 /* AccountCell.swift in Sources */ = {isa = PBXBuildFile; fileRef = E4702DC81EF76BF800309A28 /* AccountCell.swift */; };
		E4702DCB1EF76E0500309A28 /* TransactionCell.swift in Sources */ = {isa = PBXBuildFile; fileRef = E4702DCA1EF76E0500309A28 /* TransactionCell.swift */; };
/* End PBXBuildFile section */

/* Begin PBXFileReference section */
		DEC6FAEE1EF4CC8E00BB1340 /* ProMVC.app */ = {isa = PBXFileReference; explicitFileType = wrapper.application; includeInIndex = 0; path = ProMVC.app; sourceTree = BUILT_PRODUCTS_DIR; };
		DEC6FAF11EF4CC8E00BB1340 /* AppDelegate.swift */ = {isa = PBXFileReference; lastKnownFileType = sourcecode.swift; path = AppDelegate.swift; sourceTree = "<group>"; };
		DEC6FAF61EF4CC8E00BB1340 /* Base */ = {isa = PBXFileReference; lastKnownFileType = file.storyboard; name = Base; path = Base.lproj/Main.storyboard; sourceTree = "<group>"; };
		DEC6FAF81EF4CC8E00BB1340 /* Assets.xcassets */ = {isa = PBXFileReference; lastKnownFileType = folder.assetcatalog; path = Assets.xcassets; sourceTree = "<group>"; };
		DEC6FAFB1EF4CC8E00BB1340 /* Base */ = {isa = PBXFileReference; lastKnownFileType = file.storyboard; name = Base; path = Base.lproj/LaunchScreen.storyboard; sourceTree = "<group>"; };
		DEC6FAFD1EF4CC8E00BB1340 /* Info.plist */ = {isa = PBXFileReference; lastKnownFileType = text.plist.xml; path = Info.plist; sourceTree = "<group>"; };
		DEC6FB031EF4CC9F00BB1340 /* Transaction.swift */ = {isa = PBXFileReference; fileEncoding = 4; lastKnownFileType = sourcecode.swift; path = Transaction.swift; sourceTree = "<group>"; };
		DEC6FB051EF4CD8C00BB1340 /* Account.swift */ = {isa = PBXFileReference; fileEncoding = 4; lastKnownFileType = sourcecode.swift; path = Account.swift; sourceTree = "<group>"; };
		DEC6FB091EF4D35300BB1340 /* StorageController.swift */ = {isa = PBXFileReference; fileEncoding = 4; lastKnownFileType = sourcecode.swift; path = StorageController.swift; sourceTree = "<group>"; };
		DEC6FB0B1EF4DB4F00BB1340 /* StateController.swift */ = {isa = PBXFileReference; fileEncoding = 4; lastKnownFileType = sourcecode.swift; path = StateController.swift; sourceTree = "<group>"; };
		DEC6FB0E1EF4ED7E00BB1340 /* AccountsViewController.swift */ = {isa = PBXFileReference; fileEncoding = 4; lastKnownFileType = sourcecode.swift; path = AccountsViewController.swift; sourceTree = "<group>"; };
		DEC6FB101EF4ED9600BB1340 /* CreateAccountViewController.swift */ = {isa = PBXFileReference; fileEncoding = 4; lastKnownFileType = sourcecode.swift; path = CreateAccountViewController.swift; sourceTree = "<group>"; };
		DEC6FB121EF4EDA300BB1340 /* TransactionsViewController.swift */ = {isa = PBXFileReference; fileEncoding = 4; lastKnownFileType = sourcecode.swift; path = TransactionsViewController.swift; sourceTree = "<group>"; };
		DEC6FB141EF4EDB000BB1340 /* CreateTransactionViewController.swift */ = {isa = PBXFileReference; fileEncoding = 4; lastKnownFileType = sourcecode.swift; path = CreateTransactionViewController.swift; sourceTree = "<group>"; };
		E4702DC41EF760AE00309A28 /* Utilities.swift */ = {isa = PBXFileReference; fileEncoding = 4; lastKnownFileType = sourcecode.swift; path = Utilities.swift; sourceTree = "<group>"; };
		E4702DC61EF7670F00309A28 /* NewTransactionView.swift */ = {isa = PBXFileReference; fileEncoding = 4; lastKnownFileType = sourcecode.swift; path = NewTransactionView.swift; sourceTree = "<group>"; };
		E4702DC81EF76BF800309A28 /* AccountCell.swift */ = {isa = PBXFileReference; fileEncoding = 4; lastKnownFileType = sourcecode.swift; path = AccountCell.swift; sourceTree = "<group>"; };
		E4702DCA1EF76E0500309A28 /* TransactionCell.swift */ = {isa = PBXFileReference; fileEncoding = 4; lastKnownFileType = sourcecode.swift; path = TransactionCell.swift; sourceTree = "<group>"; };
/* End PBXFileReference section */

/* Begin PBXFrameworksBuildPhase section */
		DEC6FAEB1EF4CC8E00BB1340 /* Frameworks */ = {
			isa = PBXFrameworksBuildPhase;
			buildActionMask = 2147483647;
			files = (
			);
			runOnlyForDeploymentPostprocessing = 0;
		};
/* End PBXFrameworksBuildPhase section */

/* Begin PBXGroup section */
		DEC6FAE51EF4CC8E00BB1340 = {
			isa = PBXGroup;
			children = (
				DEC6FAF01EF4CC8E00BB1340 /* ProMVC */,
				DEC6FAEF1EF4CC8E00BB1340 /* Products */,
			);
			sourceTree = "<group>";
		};
		DEC6FAEF1EF4CC8E00BB1340 /* Products */ = {
			isa = PBXGroup;
			children = (
				DEC6FAEE1EF4CC8E00BB1340 /* ProMVC.app */,
			);
			name = Products;
			sourceTree = "<group>";
		};
		DEC6FAF01EF4CC8E00BB1340 /* ProMVC */ = {
			isa = PBXGroup;
			children = (
				DEC6FB0D1EF4ED5E00BB1340 /* ViewController */,
				DEC6FB081EF4D2A400BB1340 /* Model Controller */,
				DEC6FB071EF4CE2000BB1340 /* Model */,
				DEC6FAF11EF4CC8E00BB1340 /* AppDelegate.swift */,
				E4702DC41EF760AE00309A28 /* Utilities.swift */,
				DEC6FAF51EF4CC8E00BB1340 /* Main.storyboard */,
				DEC6FAF81EF4CC8E00BB1340 /* Assets.xcassets */,
				DEC6FAFA1EF4CC8E00BB1340 /* LaunchScreen.storyboard */,
				DEC6FAFD1EF4CC8E00BB1340 /* Info.plist */,
			);
			path = ProMVC;
			sourceTree = "<group>";
		};
		DEC6FB071EF4CE2000BB1340 /* Model */ = {
			isa = PBXGroup;
			children = (
				DEC6FB031EF4CC9F00BB1340 /* Transaction.swift */,
				DEC6FB051EF4CD8C00BB1340 /* Account.swift */,
			);
			name = Model;
			sourceTree = "<group>";
		};
		DEC6FB081EF4D2A400BB1340 /* Model Controller */ = {
			isa = PBXGroup;
			children = (
				DEC6FB091EF4D35300BB1340 /* StorageController.swift */,
				DEC6FB0B1EF4DB4F00BB1340 /* StateController.swift */,
			);
			name = "Model Controller";
			sourceTree = "<group>";
		};
		DEC6FB0D1EF4ED5E00BB1340 /* ViewController */ = {
			isa = PBXGroup;
			children = (
				DEC6FB0E1EF4ED7E00BB1340 /* AccountsViewController.swift */,
				DEC6FB101EF4ED9600BB1340 /* CreateAccountViewController.swift */,
				DEC6FB121EF4EDA300BB1340 /* TransactionsViewController.swift */,
				DEC6FB141EF4EDB000BB1340 /* CreateTransactionViewController.swift */,
				E4702DC61EF7670F00309A28 /* NewTransactionView.swift */,
				E4702DC81EF76BF800309A28 /* AccountCell.swift */,
				E4702DCA1EF76E0500309A28 /* TransactionCell.swift */,
			);
			name = ViewController;
			sourceTree = "<group>";
		};
/* End PBXGroup section */

/* Begin PBXNativeTarget section */
		DEC6FAED1EF4CC8E00BB1340 /* ProMVC */ = {
			isa = PBXNativeTarget;
			buildConfigurationList = DEC6FB001EF4CC8E00BB1340 /* Build configuration list for PBXNativeTarget "ProMVC" */;
			buildPhases = (
				DEC6FAEA1EF4CC8E00BB1340 /* Sources */,
				DEC6FAEB1EF4CC8E00BB1340 /* Frameworks */,
				DEC6FAEC1EF4CC8E00BB1340 /* Resources */,
			);
			buildRules = (
			);
			dependencies = (
			);
			name = ProMVC;
			productName = ProMVC;
			productReference = DEC6FAEE1EF4CC8E00BB1340 /* ProMVC.app */;
			productType = "com.apple.product-type.application";
		};
/* End PBXNativeTarget section */

/* Begin PBXProject section */
		DEC6FAE61EF4CC8E00BB1340 /* Project object */ = {
			isa = PBXProject;
			attributes = {
				LastSwiftUpdateCheck = 0820;
				LastUpgradeCheck = 0820;
				ORGANIZATIONNAME = "Le Ngoc Hoan";
				TargetAttributes = {
					DEC6FAED1EF4CC8E00BB1340 = {
						CreatedOnToolsVersion = 8.2.1;
						DevelopmentTeam = BEQ6W5C27H;
						ProvisioningStyle = Automatic;
					};
				};
			};
			buildConfigurationList = DEC6FAE91EF4CC8E00BB1340 /* Build configuration list for PBXProject "ProMVC" */;
			compatibilityVersion = "Xcode 3.2";
			developmentRegion = English;
			hasScannedForEncodings = 0;
			knownRegions = (
				en,
				Base,
			);
			mainGroup = DEC6FAE51EF4CC8E00BB1340;
			productRefGroup = DEC6FAEF1EF4CC8E00BB1340 /* Products */;
			projectDirPath = "";
			projectRoot = "";
			targets = (
				DEC6FAED1EF4CC8E00BB1340 /* ProMVC */,
			);
		};
/* End PBXProject section */

/* Begin PBXResourcesBuildPhase section */
		DEC6FAEC1EF4CC8E00BB1340 /* Resources */ = {
			isa = PBXResourcesBuildPhase;
			buildActionMask = 2147483647;
			files = (
				DEC6FAFC1EF4CC8E00BB1340 /* LaunchScreen.storyboard in Resources */,
				DEC6FAF91EF4CC8E00BB1340 /* Assets.xcassets in Resources */,
				DEC6FAF71EF4CC8E00BB1340 /* Main.storyboard in Resources */,
			);
			runOnlyForDeploymentPostprocessing = 0;
		};
/* End PBXResourcesBuildPhase section */

/* Begin PBXSourcesBuildPhase section */
		DEC6FAEA1EF4CC8E00BB1340 /* Sources */ = {
			isa = PBXSourcesBuildPhase;
			buildActionMask = 2147483647;
			files = (
				DEC6FB111EF4ED9600BB1340 /* CreateAccountViewController.swift in Sources */,
				DEC6FB0C1EF4DB4F00BB1340 /* StateController.swift in Sources */,
				DEC6FB061EF4CD8C00BB1340 /* Account.swift in Sources */,
				DEC6FAF21EF4CC8E00BB1340 /* AppDelegate.swift in Sources */,
				DEC6FB041EF4CC9F00BB1340 /* Transaction.swift in Sources */,
				E4702DC91EF76BF800309A28 /* AccountCell.swift in Sources */,
				E4702DC71EF7670F00309A28 /* NewTransactionView.swift in Sources */,
				DEC6FB0F1EF4ED7E00BB1340 /* AccountsViewController.swift in Sources */,
				DEC6FB131EF4EDA300BB1340 /* TransactionsViewController.swift in Sources */,
				E4702DCB1EF76E0500309A28 /* TransactionCell.swift in Sources */,
				DEC6FB0A1EF4D35300BB1340 /* StorageController.swift in Sources */,
				E4702DC51EF760AE00309A28 /* Utilities.swift in Sources */,
				DEC6FB151EF4EDB000BB1340 /* CreateTransactionViewController.swift in Sources */,
			);
			runOnlyForDeploymentPostprocessing = 0;
		};
/* End PBXSourcesBuildPhase section */

/* Begin PBXVariantGroup section */
		DEC6FAF51EF4CC8E00BB1340 /* Main.storyboard */ = {
			isa = PBXVariantGroup;
			children = (
				DEC6FAF61EF4CC8E00BB1340 /* Base */,
			);
			name = Main.storyboard;
			sourceTree = "<group>";
		};
		DEC6FAFA1EF4CC8E00BB1340 /* LaunchScreen.storyboard */ = {
			isa = PBXVariantGroup;
			children = (
				DEC6FAFB1EF4CC8E00BB1340 /* Base */,
			);
			name = LaunchScreen.storyboard;
			sourceTree = "<group>";
		};
/* End PBXVariantGroup section */

/* Begin XCBuildConfiguration section */
		DEC6FAFE1EF4CC8E00BB1340 /* Debug */ = {
			isa = XCBuildConfiguration;
			buildSettings = {
				ALWAYS_SEARCH_USER_PATHS = NO;
				CLANG_ANALYZER_NONNULL = YES;
				CLANG_CXX_LANGUAGE_STANDARD = "gnu++0x";
				CLANG_CXX_LIBRARY = "libc++";
				CLANG_ENABLE_MODULES = YES;
				CLANG_ENABLE_OBJC_ARC = YES;
				CLANG_WARN_BOOL_CONVERSION = YES;
				CLANG_WARN_CONSTANT_CONVERSION = YES;
				CLANG_WARN_DIRECT_OBJC_ISA_USAGE = YES_ERROR;
				CLANG_WARN_DOCUMENTATION_COMMENTS = YES;
				CLANG_WARN_EMPTY_BODY = YES;
				CLANG_WARN_ENUM_CONVERSION = YES;
				CLANG_WARN_INFINITE_RECURSION = YES;
				CLANG_WARN_INT_CONVERSION = YES;
				CLANG_WARN_OBJC_ROOT_CLASS = YES_ERROR;
				CLANG_WARN_SUSPICIOUS_MOVE = YES;
				CLANG_WARN_UNREACHABLE_CODE = YES;
				CLANG_WARN__DUPLICATE_METHOD_MATCH = YES;
				"CODE_SIGN_IDENTITY[sdk=iphoneos*]" = "iPhone Developer";
				COPY_PHASE_STRIP = NO;
				DEBUG_INFORMATION_FORMAT = dwarf;
				ENABLE_STRICT_OBJC_MSGSEND = YES;
				ENABLE_TESTABILITY = YES;
				GCC_C_LANGUAGE_STANDARD = gnu99;
				GCC_DYNAMIC_NO_PIC = NO;
				GCC_NO_COMMON_BLOCKS = YES;
				GCC_OPTIMIZATION_LEVEL = 0;
				GCC_PREPROCESSOR_DEFINITIONS = (
					"DEBUG=1",
					"$(inherited)",
				);
				GCC_WARN_64_TO_32_BIT_CONVERSION = YES;
				GCC_WARN_ABOUT_RETURN_TYPE = YES_ERROR;
				GCC_WARN_UNDECLARED_SELECTOR = YES;
				GCC_WARN_UNINITIALIZED_AUTOS = YES_AGGRESSIVE;
				GCC_WARN_UNUSED_FUNCTION = YES;
				GCC_WARN_UNUSED_VARIABLE = YES;
				IPHONEOS_DEPLOYMENT_TARGET = 10.2;
				MTL_ENABLE_DEBUG_INFO = YES;
				ONLY_ACTIVE_ARCH = YES;
				SDKROOT = iphoneos;
				SWIFT_ACTIVE_COMPILATION_CONDITIONS = DEBUG;
				SWIFT_OPTIMIZATION_LEVEL = "-Onone";
				TARGETED_DEVICE_FAMILY = "1,2";
			};
			name = Debug;
		};
		DEC6FAFF1EF4CC8E00BB1340 /* Release */ = {
			isa = XCBuildConfiguration;
			buildSettings = {
				ALWAYS_SEARCH_USER_PATHS = NO;
				CLANG_ANALYZER_NONNULL = YES;
				CLANG_CXX_LANGUAGE_STANDARD = "gnu++0x";
				CLANG_CXX_LIBRARY = "libc++";
				CLANG_ENABLE_MODULES = YES;
				CLANG_ENABLE_OBJC_ARC = YES;
				CLANG_WARN_BOOL_CONVERSION = YES;
				CLANG_WARN_CONSTANT_CONVERSION = YES;
				CLANG_WARN_DIRECT_OBJC_ISA_USAGE = YES_ERROR;
				CLANG_WARN_DOCUMENTATION_COMMENTS = YES;
				CLANG_WARN_EMPTY_BODY = YES;
				CLANG_WARN_ENUM_CONVERSION = YES;
				CLANG_WARN_INFINITE_RECURSION = YES;
				CLANG_WARN_INT_CONVERSION = YES;
				CLANG_WARN_OBJC_ROOT_CLASS = YES_ERROR;
				CLANG_WARN_SUSPICIOUS_MOVE = YES;
				CLANG_WARN_UNREACHABLE_CODE = YES;
				CLANG_WARN__DUPLICATE_METHOD_MATCH = YES;
				"CODE_SIGN_IDENTITY[sdk=iphoneos*]" = "iPhone Developer";
				COPY_PHASE_STRIP = NO;
				DEBUG_INFORMATION_FORMAT = "dwarf-with-dsym";
				ENABLE_NS_ASSERTIONS = NO;
				ENABLE_STRICT_OBJC_MSGSEND = YES;
				GCC_C_LANGUAGE_STANDARD = gnu99;
				GCC_NO_COMMON_BLOCKS = YES;
				GCC_WARN_64_TO_32_BIT_CONVERSION = YES;
				GCC_WARN_ABOUT_RETURN_TYPE = YES_ERROR;
				GCC_WARN_UNDECLARED_SELECTOR = YES;
				GCC_WARN_UNINITIALIZED_AUTOS = YES_AGGRESSIVE;
				GCC_WARN_UNUSED_FUNCTION = YES;
				GCC_WARN_UNUSED_VARIABLE = YES;
				IPHONEOS_DEPLOYMENT_TARGET = 10.2;
				MTL_ENABLE_DEBUG_INFO = NO;
				SDKROOT = iphoneos;
				SWIFT_OPTIMIZATION_LEVEL = "-Owholemodule";
				TARGETED_DEVICE_FAMILY = "1,2";
				VALIDATE_PRODUCT = YES;
			};
			name = Release;
		};
		DEC6FB011EF4CC8E00BB1340 /* Debug */ = {
			isa = XCBuildConfiguration;
			buildSettings = {
				ASSETCATALOG_COMPILER_APPICON_NAME = AppIcon;
				DEVELOPMENT_TEAM = BEQ6W5C27H;
				INFOPLIST_FILE = ProMVC/Info.plist;
				LD_RUNPATH_SEARCH_PATHS = "$(inherited) @executable_path/Frameworks";
				PRODUCT_BUNDLE_IDENTIFIER = com.example.first.ProMVC;
				PRODUCT_NAME = "$(TARGET_NAME)";
				SWIFT_VERSION = 3.0;
			};
			name = Debug;
		};
		DEC6FB021EF4CC8E00BB1340 /* Release */ = {
			isa = XCBuildConfiguration;
			buildSettings = {
				ASSETCATALOG_COMPILER_APPICON_NAME = AppIcon;
				DEVELOPMENT_TEAM = BEQ6W5C27H;
				INFOPLIST_FILE = ProMVC/Info.plist;
				LD_RUNPATH_SEARCH_PATHS = "$(inherited) @executable_path/Frameworks";
				PRODUCT_BUNDLE_IDENTIFIER = com.example.first.ProMVC;
				PRODUCT_NAME = "$(TARGET_NAME)";
				SWIFT_VERSION = 3.0;
			};
			name = Release;
		};
/* End XCBuildConfiguration section */

/* Begin XCConfigurationList section */
		DEC6FAE91EF4CC8E00BB1340 /* Build configuration list for PBXProject "ProMVC" */ = {
			isa = XCConfigurationList;
			buildConfigurations = (
				DEC6FAFE1EF4CC8E00BB1340 /* Debug */,
				DEC6FAFF1EF4CC8E00BB1340 /* Release */,
			);
			defaultConfigurationIsVisible = 0;
			defaultConfigurationName = Release;
		};
		DEC6FB001EF4CC8E00BB1340 /* Build configuration list for PBXNativeTarget "ProMVC" */ = {
			isa = XCConfigurationList;
			buildConfigurations = (
				DEC6FB011EF4CC8E00BB1340 /* Debug */,
				DEC6FB021EF4CC8E00BB1340 /* Release */,
			);
			defaultConfigurationIsVisible = 0;
			defaultConfigurationName = Release;
		};
/* End XCConfigurationList section */
	};
	rootObject = DEC6FAE61EF4CC8E00BB1340 /* Project object */;
}
